
Microsoft Visual Studio Solution File, Format Version 12.00
# Visual Studio Version 17
VisualStudioVersion = 17.8.34330.188
MinimumVisualStudioVersion = 10.0.40219.1
Project("{FAE04EC0-301F-11D3-BF4B-00C04F79EFBC}") = "D3 Drob 11.11", "ConsoleApp10\D3 Drob 11.11.csproj", "{5D4EE4A5-66C3-4BB2-9A48-36E07362978A}"
EndProject
Global
	GlobalSection(SolutionConfigurationPlatforms) = preSolution
		Debug|Any CPU = Debug|Any CPU
		Release|Any CPU = Release|Any CPU
	EndGlobalSection
	GlobalSection(ProjectConfigurationPlatforms) = postSolution
		{5D4EE4A5-66C3-4BB2-9A48-36E07362978A}.Debug|Any CPU.ActiveCfg = Debug|Any CPU
		{5D4EE4A5-66C3-4BB2-9A48-36E07362978A}.Debug|Any CPU.Build.0 = Debug|Any CPU
		{5D4EE4A5-66C3-4BB2-9A48-36E07362978A}.Release|Any CPU.ActiveCfg = Release|Any CPU
		{5D4EE4A5-66C3-4BB2-9A48-36E07362978A}.Release|Any CPU.Build.0 = Release|Any CPU
	EndGlobalSection
	GlobalSection(SolutionProperties) = preSolution
		HideSolutionNode = FALSE
	EndGlobalSection
	GlobalSection(ExtensibilityGlobals) = postSolution
		SolutionGuid = {586B2812-C5A5-486C-9524-5A72405999F9}
	EndGlobalSection
EndGlobal
